
Microsoft Visual Studio Solution File, Format Version 12.00
# Visual Studio Version 16
VisualStudioVersion = 16.0.29102.190
MinimumVisualStudioVersion = 10.0.40219.1
Project("{FAE04EC0-301F-11D3-BF4B-00C04F79EFBC}") = "GameClient", "Client\GameClient.csproj", "{2D6EDDA0-5C73-495C-96DC-4367A58C3435}"
EndProject
Global
	GlobalSection(SolutionConfigurationPlatforms) = preSolution
		Debug|Any CPU = Debug|Any CPU
		Release|Any CPU = Release|Any CPU
	EndGlobalSection
	GlobalSection(ProjectConfigurationPlatforms) = postSolution
		{2D6EDDA0-5C73-495C-96DC-4367A58C3435}.Debug|Any CPU.ActiveCfg = Debug|Any CPU
		{2D6EDDA0-5C73-495C-96DC-4367A58C3435}.Debug|Any CPU.Build.0 = Debug|Any CPU
		{2D6EDDA0-5C73-495C-96DC-4367A58C3435}.Release|Any CPU.ActiveCfg = Release|Any CPU
		{2D6EDDA0-5C73-495C-96DC-4367A58C3435}.Release|Any CPU.Build.0 = Release|Any CPU
	EndGlobalSection
	GlobalSection(SolutionProperties) = preSolution
		HideSolutionNode = FALSE
	EndGlobalSection
	GlobalSection(ExtensibilityGlobals) = postSolution
		SolutionGuid = {792CCFC1-A21F-4D5E-9710-468CBE1AD430}
	EndGlobalSection
EndGlobal
